// !$*UTF8*$!
{
	archiveVersion = 1;
	classes = {
	};
	objectVersion = 46;
	objects = {

/* Begin PBXBuildFile section */
		B375E7A11E03ED3D001D354B /* Login.swift in Sources */ = {isa = PBXBuildFile; fileRef = B375E7A01E03ED3D001D354B /* Login.swift */; };
		B375E7A31E03F1AE001D354B /* Save.png in Resources */ = {isa = PBXBuildFile; fileRef = B375E7A21E03F1AE001D354B /* Save.png */; };
		B375E7A51E03F2DC001D354B /* letsgo.png in Resources */ = {isa = PBXBuildFile; fileRef = B375E7A41E03F2DC001D354B /* letsgo.png */; };
		B375E7A71E04A1BB001D354B /* Nav2.swift in Sources */ = {isa = PBXBuildFile; fileRef = B375E7A61E04A1BB001D354B /* Nav2.swift */; };
		B375E7A91E04A4BE001D354B /* TripTable.swift in Sources */ = {isa = PBXBuildFile; fileRef = B375E7A81E04A4BE001D354B /* TripTable.swift */; };
		B375E7AB1E04B993001D354B /* TripClass.swift in Sources */ = {isa = PBXBuildFile; fileRef = B375E7AA1E04B993001D354B /* TripClass.swift */; };
		B375E7AD1E04BD52001D354B /* loading.png in Resources */ = {isa = PBXBuildFile; fileRef = B375E7AC1E04BD52001D354B /* loading.png */; };
		B375E7AF1E04BF30001D354B /* ManualCheckin.png in Resources */ = {isa = PBXBuildFile; fileRef = B375E7AE1E04BF30001D354B /* ManualCheckin.png */; };
		B375E7B11E04C8AE001D354B /* TripMakerViewController.swift in Sources */ = {isa = PBXBuildFile; fileRef = B375E7B01E04C8AE001D354B /* TripMakerViewController.swift */; };
		B375E7B31E04C9BE001D354B /* StudentProfile.swift in Sources */ = {isa = PBXBuildFile; fileRef = B375E7B21E04C9BE001D354B /* StudentProfile.swift */; };
		B375E7B51E04CA3D001D354B /* Student.swift in Sources */ = {isa = PBXBuildFile; fileRef = B375E7B41E04CA3D001D354B /* Student.swift */; };
		B375E7C21E04CAC9001D354B /* Student0.jpg in Resources */ = {isa = PBXBuildFile; fileRef = B375E7B61E04CAC9001D354B /* Student0.jpg */; };
		B375E7C31E04CAC9001D354B /* Student1.jpg in Resources */ = {isa = PBXBuildFile; fileRef = B375E7B71E04CAC9001D354B /* Student1.jpg */; };
		B375E7C41E04CAC9001D354B /* Student2.jpg in Resources */ = {isa = PBXBuildFile; fileRef = B375E7B81E04CAC9001D354B /* Student2.jpg */; };
		B375E7C51E04CAC9001D354B /* Student3.jpg in Resources */ = {isa = PBXBuildFile; fileRef = B375E7B91E04CAC9001D354B /* Student3.jpg */; };
		B375E7C61E04CAC9001D354B /* Student4.jpeg in Resources */ = {isa = PBXBuildFile; fileRef = B375E7BA1E04CAC9001D354B /* Student4.jpeg */; };
		B375E7C71E04CAC9001D354B /* Student5.jpeg in Resources */ = {isa = PBXBuildFile; fileRef = B375E7BB1E04CAC9001D354B /* Student5.jpeg */; };
		B375E7C81E04CAC9001D354B /* Student6.jpeg in Resources */ = {isa = PBXBuildFile; fileRef = B375E7BC1E04CAC9001D354B /* Student6.jpeg */; };
		B375E7C91E04CAC9001D354B /* Student7.jpeg in Resources */ = {isa = PBXBuildFile; fileRef = B375E7BD1E04CAC9001D354B /* Student7.jpeg */; };
		B375E7CA1E04CAC9001D354B /* Student8.jpeg in Resources */ = {isa = PBXBuildFile; fileRef = B375E7BE1E04CAC9001D354B /* Student8.jpeg */; };
		B375E7CB1E04CAC9001D354B /* Student9.jpeg in Resources */ = {isa = PBXBuildFile; fileRef = B375E7BF1E04CAC9001D354B /* Student9.jpeg */; };
		B375E7CC1E04CAC9001D354B /* Student10.jpeg in Resources */ = {isa = PBXBuildFile; fileRef = B375E7C01E04CAC9001D354B /* Student10.jpeg */; };
		B375E7CD1E04CAC9001D354B /* Student11.jpeg in Resources */ = {isa = PBXBuildFile; fileRef = B375E7C11E04CAC9001D354B /* Student11.jpeg */; };
		B375E7CF1E04CB0F001D354B /* StudentList.swift in Sources */ = {isa = PBXBuildFile; fileRef = B375E7CE1E04CB0F001D354B /* StudentList.swift */; };
		B375E7D11E04CC20001D354B /* locate.png in Resources */ = {isa = PBXBuildFile; fileRef = B375E7D01E04CC20001D354B /* locate.png */; };
		B375E7D31E04CE18001D354B /* tripCell.swift in Sources */ = {isa = PBXBuildFile; fileRef = B375E7D21E04CE18001D354B /* tripCell.swift */; };
		B375E7D51E04D369001D354B /* TripScreen.swift in Sources */ = {isa = PBXBuildFile; fileRef = B375E7D41E04D369001D354B /* TripScreen.swift */; };
		B375E7D71E04DCCE001D354B /* StudentCell.swift in Sources */ = {isa = PBXBuildFile; fileRef = B375E7D61E04DCCE001D354B /* StudentCell.swift */; };
		B388BEDA1DED0149009B2BF1 /* AppDelegate.swift in Sources */ = {isa = PBXBuildFile; fileRef = B388BED91DED0149009B2BF1 /* AppDelegate.swift */; };
		B388BEDC1DED0149009B2BF1 /* ViewController.swift in Sources */ = {isa = PBXBuildFile; fileRef = B388BEDB1DED0149009B2BF1 /* ViewController.swift */; };
		B388BEDF1DED0149009B2BF1 /* Main.storyboard in Resources */ = {isa = PBXBuildFile; fileRef = B388BEDD1DED0149009B2BF1 /* Main.storyboard */; };
		B388BEE21DED0149009B2BF1 /* fieldtrip1.xcdatamodeld in Sources */ = {isa = PBXBuildFile; fileRef = B388BEE01DED0149009B2BF1 /* fieldtrip1.xcdatamodeld */; };
		B388BEE41DED0149009B2BF1 /* Assets.xcassets in Resources */ = {isa = PBXBuildFile; fileRef = B388BEE31DED0149009B2BF1 /* Assets.xcassets */; };
		B388BEE71DED0149009B2BF1 /* LaunchScreen.storyboard in Resources */ = {isa = PBXBuildFile; fileRef = B388BEE51DED0149009B2BF1 /* LaunchScreen.storyboard */; };
		B388BEF21DED0149009B2BF1 /* fieldtrip1Tests.swift in Sources */ = {isa = PBXBuildFile; fileRef = B388BEF11DED0149009B2BF1 /* fieldtrip1Tests.swift */; };
		B388BEFD1DED0149009B2BF1 /* fieldtrip1UITests.swift in Sources */ = {isa = PBXBuildFile; fileRef = B388BEFC1DED0149009B2BF1 /* fieldtrip1UITests.swift */; };
		B388BF0B1DED0ABD009B2BF1 /* StudentLayouts.swift in Sources */ = {isa = PBXBuildFile; fileRef = B388BF0A1DED0ABD009B2BF1 /* StudentLayouts.swift */; };
		B3AA55AB1E075641007BDB63 /* expandableVC.swift in Sources */ = {isa = PBXBuildFile; fileRef = B3AA55AA1E075641007BDB63 /* expandableVC.swift */; };
		B3AA55AD1E0756ED007BDB63 /* CustomCell.swift in Sources */ = {isa = PBXBuildFile; fileRef = B3AA55AC1E0756ED007BDB63 /* CustomCell.swift */; };
		B3AA55AF1E0781AA007BDB63 /* showdown.swift in Sources */ = {isa = PBXBuildFile; fileRef = B3AA55AE1E0781AA007BDB63 /* showdown.swift */; };
		B3AA55B11E07837B007BDB63 /* CheckInViewController.swift in Sources */ = {isa = PBXBuildFile; fileRef = B3AA55B01E07837B007BDB63 /* CheckInViewController.swift */; };
/* End PBXBuildFile section */

/* Begin PBXContainerItemProxy section */
		B388BEEE1DED0149009B2BF1 /* PBXContainerItemProxy */ = {
			isa = PBXContainerItemProxy;
			containerPortal = B388BECE1DED0149009B2BF1 /* Project object */;
			proxyType = 1;
			remoteGlobalIDString = B388BED51DED0149009B2BF1;
			remoteInfo = fieldtrip1;
		};
		B388BEF91DED0149009B2BF1 /* PBXContainerItemProxy */ = {
			isa = PBXContainerItemProxy;
			containerPortal = B388BECE1DED0149009B2BF1 /* Project object */;
			proxyType = 1;
			remoteGlobalIDString = B388BED51DED0149009B2BF1;
			remoteInfo = fieldtrip1;
		};
/* End PBXContainerItemProxy section */

/* Begin PBXFileReference section */
		B375E7A01E03ED3D001D354B /* Login.swift */ = {isa = PBXFileReference; fileEncoding = 4; lastKnownFileType = sourcecode.swift; path = Login.swift; sourceTree = "<group>"; };
		B375E7A21E03F1AE001D354B /* Save.png */ = {isa = PBXFileReference; lastKnownFileType = image.png; path = Save.png; sourceTree = "<group>"; };
		B375E7A41E03F2DC001D354B /* letsgo.png */ = {isa = PBXFileReference; lastKnownFileType = image.png; path = letsgo.png; sourceTree = "<group>"; };
		B375E7A61E04A1BB001D354B /* Nav2.swift */ = {isa = PBXFileReference; fileEncoding = 4; lastKnownFileType = sourcecode.swift; path = Nav2.swift; sourceTree = "<group>"; };
		B375E7A81E04A4BE001D354B /* TripTable.swift */ = {isa = PBXFileReference; fileEncoding = 4; lastKnownFileType = sourcecode.swift; path = TripTable.swift; sourceTree = "<group>"; };
		B375E7AA1E04B993001D354B /* TripClass.swift */ = {isa = PBXFileReference; fileEncoding = 4; lastKnownFileType = sourcecode.swift; path = TripClass.swift; sourceTree = "<group>"; };
		B375E7AC1E04BD52001D354B /* loading.png */ = {isa = PBXFileReference; lastKnownFileType = image.png; path = loading.png; sourceTree = "<group>"; };
		B375E7AE1E04BF30001D354B /* ManualCheckin.png */ = {isa = PBXFileReference; lastKnownFileType = image.png; path = ManualCheckin.png; sourceTree = "<group>"; };
		B375E7B01E04C8AE001D354B /* TripMakerViewController.swift */ = {isa = PBXFileReference; fileEncoding = 4; lastKnownFileType = sourcecode.swift; path = TripMakerViewController.swift; sourceTree = "<group>"; };
		B375E7B21E04C9BE001D354B /* StudentProfile.swift */ = {isa = PBXFileReference; fileEncoding = 4; lastKnownFileType = sourcecode.swift; path = StudentProfile.swift; sourceTree = "<group>"; };
		B375E7B41E04CA3D001D354B /* Student.swift */ = {isa = PBXFileReference; fileEncoding = 4; lastKnownFileType = sourcecode.swift; path = Student.swift; sourceTree = "<group>"; };
		B375E7B61E04CAC9001D354B /* Student0.jpg */ = {isa = PBXFileReference; lastKnownFileType = image.jpeg; path = Student0.jpg; sourceTree = "<group>"; };
		B375E7B71E04CAC9001D354B /* Student1.jpg */ = {isa = PBXFileReference; lastKnownFileType = image.jpeg; path = Student1.jpg; sourceTree = "<group>"; };
		B375E7B81E04CAC9001D354B /* Student2.jpg */ = {isa = PBXFileReference; lastKnownFileType = image.jpeg; path = Student2.jpg; sourceTree = "<group>"; };
		B375E7B91E04CAC9001D354B /* Student3.jpg */ = {isa = PBXFileReference; lastKnownFileType = image.jpeg; path = Student3.jpg; sourceTree = "<group>"; };
		B375E7BA1E04CAC9001D354B /* Student4.jpeg */ = {isa = PBXFileReference; lastKnownFileType = image.jpeg; path = Student4.jpeg; sourceTree = "<group>"; };
		B375E7BB1E04CAC9001D354B /* Student5.jpeg */ = {isa = PBXFileReference; lastKnownFileType = image.jpeg; path = Student5.jpeg; sourceTree = "<group>"; };
		B375E7BC1E04CAC9001D354B /* Student6.jpeg */ = {isa = PBXFileReference; lastKnownFileType = image.jpeg; path = Student6.jpeg; sourceTree = "<group>"; };
		B375E7BD1E04CAC9001D354B /* Student7.jpeg */ = {isa = PBXFileReference; lastKnownFileType = image.jpeg; path = Student7.jpeg; sourceTree = "<group>"; };
		B375E7BE1E04CAC9001D354B /* Student8.jpeg */ = {isa = PBXFileReference; lastKnownFileType = image.jpeg; path = Student8.jpeg; sourceTree = "<group>"; };
		B375E7BF1E04CAC9001D354B /* Student9.jpeg */ = {isa = PBXFileReference; lastKnownFileType = image.jpeg; path = Student9.jpeg; sourceTree = "<group>"; };
		B375E7C01E04CAC9001D354B /* Student10.jpeg */ = {isa = PBXFileReference; lastKnownFileType = image.jpeg; path = Student10.jpeg; sourceTree = "<group>"; };
		B375E7C11E04CAC9001D354B /* Student11.jpeg */ = {isa = PBXFileReference; lastKnownFileType = image.jpeg; path = Student11.jpeg; sourceTree = "<group>"; };
		B375E7CE1E04CB0F001D354B /* StudentList.swift */ = {isa = PBXFileReference; fileEncoding = 4; lastKnownFileType = sourcecode.swift; path = StudentList.swift; sourceTree = "<group>"; };
		B375E7D01E04CC20001D354B /* locate.png */ = {isa = PBXFileReference; lastKnownFileType = image.png; path = locate.png; sourceTree = "<group>"; };
		B375E7D21E04CE18001D354B /* tripCell.swift */ = {isa = PBXFileReference; fileEncoding = 4; lastKnownFileType = sourcecode.swift; path = tripCell.swift; sourceTree = "<group>"; };
		B375E7D41E04D369001D354B /* TripScreen.swift */ = {isa = PBXFileReference; fileEncoding = 4; lastKnownFileType = sourcecode.swift; path = TripScreen.swift; sourceTree = "<group>"; };
		B375E7D61E04DCCE001D354B /* StudentCell.swift */ = {isa = PBXFileReference; fileEncoding = 4; lastKnownFileType = sourcecode.swift; path = StudentCell.swift; sourceTree = "<group>"; };
		B388BED61DED0149009B2BF1 /* fieldtrip1.app */ = {isa = PBXFileReference; explicitFileType = wrapper.application; includeInIndex = 0; path = fieldtrip1.app; sourceTree = BUILT_PRODUCTS_DIR; };
		B388BED91DED0149009B2BF1 /* AppDelegate.swift */ = {isa = PBXFileReference; lastKnownFileType = sourcecode.swift; path = AppDelegate.swift; sourceTree = "<group>"; };
		B388BEDB1DED0149009B2BF1 /* ViewController.swift */ = {isa = PBXFileReference; lastKnownFileType = sourcecode.swift; path = ViewController.swift; sourceTree = "<group>"; };
		B388BEDE1DED0149009B2BF1 /* Base */ = {isa = PBXFileReference; lastKnownFileType = file.storyboard; name = Base; path = Base.lproj/Main.storyboard; sourceTree = "<group>"; };
		B388BEE11DED0149009B2BF1 /* fieldtrip1.xcdatamodel */ = {isa = PBXFileReference; lastKnownFileType = wrapper.xcdatamodel; path = fieldtrip1.xcdatamodel; sourceTree = "<group>"; };
		B388BEE31DED0149009B2BF1 /* Assets.xcassets */ = {isa = PBXFileReference; lastKnownFileType = folder.assetcatalog; path = Assets.xcassets; sourceTree = "<group>"; };
		B388BEE61DED0149009B2BF1 /* Base */ = {isa = PBXFileReference; lastKnownFileType = file.storyboard; name = Base; path = Base.lproj/LaunchScreen.storyboard; sourceTree = "<group>"; };
		B388BEE81DED0149009B2BF1 /* Info.plist */ = {isa = PBXFileReference; lastKnownFileType = text.plist.xml; path = Info.plist; sourceTree = "<group>"; };
		B388BEED1DED0149009B2BF1 /* fieldtrip1Tests.xctest */ = {isa = PBXFileReference; explicitFileType = wrapper.cfbundle; includeInIndex = 0; path = fieldtrip1Tests.xctest; sourceTree = BUILT_PRODUCTS_DIR; };
		B388BEF11DED0149009B2BF1 /* fieldtrip1Tests.swift */ = {isa = PBXFileReference; lastKnownFileType = sourcecode.swift; path = fieldtrip1Tests.swift; sourceTree = "<group>"; };
		B388BEF31DED0149009B2BF1 /* Info.plist */ = {isa = PBXFileReference; lastKnownFileType = text.plist.xml; path = Info.plist; sourceTree = "<group>"; };
		B388BEF81DED0149009B2BF1 /* fieldtrip1UITests.xctest */ = {isa = PBXFileReference; explicitFileType = wrapper.cfbundle; includeInIndex = 0; path = fieldtrip1UITests.xctest; sourceTree = BUILT_PRODUCTS_DIR; };
		B388BEFC1DED0149009B2BF1 /* fieldtrip1UITests.swift */ = {isa = PBXFileReference; lastKnownFileType = sourcecode.swift; path = fieldtrip1UITests.swift; sourceTree = "<group>"; };
		B388BEFE1DED0149009B2BF1 /* Info.plist */ = {isa = PBXFileReference; lastKnownFileType = text.plist.xml; path = Info.plist; sourceTree = "<group>"; };
		B388BF0A1DED0ABD009B2BF1 /* StudentLayouts.swift */ = {isa = PBXFileReference; fileEncoding = 4; lastKnownFileType = sourcecode.swift; path = StudentLayouts.swift; sourceTree = "<group>"; };
		B3AA55AA1E075641007BDB63 /* expandableVC.swift */ = {isa = PBXFileReference; fileEncoding = 4; lastKnownFileType = sourcecode.swift; path = expandableVC.swift; sourceTree = "<group>"; };
		B3AA55AC1E0756ED007BDB63 /* CustomCell.swift */ = {isa = PBXFileReference; fileEncoding = 4; lastKnownFileType = sourcecode.swift; path = CustomCell.swift; sourceTree = "<group>"; };
		B3AA55AE1E0781AA007BDB63 /* showdown.swift */ = {isa = PBXFileReference; fileEncoding = 4; lastKnownFileType = sourcecode.swift; path = showdown.swift; sourceTree = "<group>"; };
		B3AA55B01E07837B007BDB63 /* CheckInViewController.swift */ = {isa = PBXFileReference; fileEncoding = 4; lastKnownFileType = sourcecode.swift; path = CheckInViewController.swift; sourceTree = "<group>"; };
/* End PBXFileReference section */

/* Begin PBXFrameworksBuildPhase section */
		B388BED31DED0149009B2BF1 /* Frameworks */ = {
			isa = PBXFrameworksBuildPhase;
			buildActionMask = 2147483647;
			files = (
			);
			runOnlyForDeploymentPostprocessing = 0;
		};
		B388BEEA1DED0149009B2BF1 /* Frameworks */ = {
			isa = PBXFrameworksBuildPhase;
			buildActionMask = 2147483647;
			files = (
			);
			runOnlyForDeploymentPostprocessing = 0;
		};
		B388BEF51DED0149009B2BF1 /* Frameworks */ = {
			isa = PBXFrameworksBuildPhase;
			buildActionMask = 2147483647;
			files = (
			);
			runOnlyForDeploymentPostprocessing = 0;
		};
/* End PBXFrameworksBuildPhase section */

/* Begin PBXGroup section */
		B388BECD1DED0149009B2BF1 = {
			isa = PBXGroup;
			children = (
				B375E7B61E04CAC9001D354B /* Student0.jpg */,
				B375E7B71E04CAC9001D354B /* Student1.jpg */,
				B375E7B81E04CAC9001D354B /* Student2.jpg */,
				B375E7B91E04CAC9001D354B /* Student3.jpg */,
				B375E7BA1E04CAC9001D354B /* Student4.jpeg */,
				B375E7BB1E04CAC9001D354B /* Student5.jpeg */,
				B375E7BC1E04CAC9001D354B /* Student6.jpeg */,
				B375E7BD1E04CAC9001D354B /* Student7.jpeg */,
				B375E7BE1E04CAC9001D354B /* Student8.jpeg */,
				B375E7BF1E04CAC9001D354B /* Student9.jpeg */,
				B375E7C01E04CAC9001D354B /* Student10.jpeg */,
				B375E7C11E04CAC9001D354B /* Student11.jpeg */,
				B388BED81DED0149009B2BF1 /* fieldtrip1 */,
				B388BEF01DED0149009B2BF1 /* fieldtrip1Tests */,
				B388BEFB1DED0149009B2BF1 /* fieldtrip1UITests */,
				B388BED71DED0149009B2BF1 /* Products */,
			);
			sourceTree = "<group>";
		};
		B388BED71DED0149009B2BF1 /* Products */ = {
			isa = PBXGroup;
			children = (
				B388BED61DED0149009B2BF1 /* fieldtrip1.app */,
				B388BEED1DED0149009B2BF1 /* fieldtrip1Tests.xctest */,
				B388BEF81DED0149009B2BF1 /* fieldtrip1UITests.xctest */,
			);
			name = Products;
			sourceTree = "<group>";
		};
		B388BED81DED0149009B2BF1 /* fieldtrip1 */ = {
			isa = PBXGroup;
			children = (
				B388BED91DED0149009B2BF1 /* AppDelegate.swift */,
				B375E7CE1E04CB0F001D354B /* StudentList.swift */,
				B375E7D61E04DCCE001D354B /* StudentCell.swift */,
				B388BEDB1DED0149009B2BF1 /* ViewController.swift */,
				B375E7D01E04CC20001D354B /* locate.png */,
				B375E7A21E03F1AE001D354B /* Save.png */,
				B375E7AE1E04BF30001D354B /* ManualCheckin.png */,
				B388BEDD1DED0149009B2BF1 /* Main.storyboard */,
				B3AA55B01E07837B007BDB63 /* CheckInViewController.swift */,
				B3AA55AE1E0781AA007BDB63 /* showdown.swift */,
				B3AA55AA1E075641007BDB63 /* expandableVC.swift */,
				B3AA55AC1E0756ED007BDB63 /* CustomCell.swift */,
				B375E7AA1E04B993001D354B /* TripClass.swift */,
				B375E7A81E04A4BE001D354B /* TripTable.swift */,
				B375E7D41E04D369001D354B /* TripScreen.swift */,
				B375E7D21E04CE18001D354B /* tripCell.swift */,
				B375E7A61E04A1BB001D354B /* Nav2.swift */,
				B375E7AC1E04BD52001D354B /* loading.png */,
				B375E7A41E03F2DC001D354B /* letsgo.png */,
				B375E7A01E03ED3D001D354B /* Login.swift */,
				B388BF0A1DED0ABD009B2BF1 /* StudentLayouts.swift */,
				B388BEE31DED0149009B2BF1 /* Assets.xcassets */,
				B388BEE51DED0149009B2BF1 /* LaunchScreen.storyboard */,
				B388BEE81DED0149009B2BF1 /* Info.plist */,
				B388BEE01DED0149009B2BF1 /* fieldtrip1.xcdatamodeld */,
				B375E7B01E04C8AE001D354B /* TripMakerViewController.swift */,
				B375E7B21E04C9BE001D354B /* StudentProfile.swift */,
				B375E7B41E04CA3D001D354B /* Student.swift */,
			);
			path = fieldtrip1;
			sourceTree = "<group>";
		};
		B388BEF01DED0149009B2BF1 /* fieldtrip1Tests */ = {
			isa = PBXGroup;
			children = (
				B388BEF11DED0149009B2BF1 /* fieldtrip1Tests.swift */,
				B388BEF31DED0149009B2BF1 /* Info.plist */,
			);
			path = fieldtrip1Tests;
			sourceTree = "<group>";
		};
		B388BEFB1DED0149009B2BF1 /* fieldtrip1UITests */ = {
			isa = PBXGroup;
			children = (
				B388BEFC1DED0149009B2BF1 /* fieldtrip1UITests.swift */,
				B388BEFE1DED0149009B2BF1 /* Info.plist */,
			);
			path = fieldtrip1UITests;
			sourceTree = "<group>";
		};
/* End PBXGroup section */

/* Begin PBXNativeTarget section */
		B388BED51DED0149009B2BF1 /* fieldtrip1 */ = {
			isa = PBXNativeTarget;
			buildConfigurationList = B388BF011DED0149009B2BF1 /* Build configuration list for PBXNativeTarget "fieldtrip1" */;
			buildPhases = (
				B388BED21DED0149009B2BF1 /* Sources */,
				B388BED31DED0149009B2BF1 /* Frameworks */,
				B388BED41DED0149009B2BF1 /* Resources */,
			);
			buildRules = (
			);
			dependencies = (
			);
			name = fieldtrip1;
			productName = fieldtrip1;
			productReference = B388BED61DED0149009B2BF1 /* fieldtrip1.app */;
			productType = "com.apple.product-type.application";
		};
		B388BEEC1DED0149009B2BF1 /* fieldtrip1Tests */ = {
			isa = PBXNativeTarget;
			buildConfigurationList = B388BF041DED0149009B2BF1 /* Build configuration list for PBXNativeTarget "fieldtrip1Tests" */;
			buildPhases = (
				B388BEE91DED0149009B2BF1 /* Sources */,
				B388BEEA1DED0149009B2BF1 /* Frameworks */,
				B388BEEB1DED0149009B2BF1 /* Resources */,
			);
			buildRules = (
			);
			dependencies = (
				B388BEEF1DED0149009B2BF1 /* PBXTargetDependency */,
			);
			name = fieldtrip1Tests;
			productName = fieldtrip1Tests;
			productReference = B388BEED1DED0149009B2BF1 /* fieldtrip1Tests.xctest */;
			productType = "com.apple.product-type.bundle.unit-test";
		};
		B388BEF71DED0149009B2BF1 /* fieldtrip1UITests */ = {
			isa = PBXNativeTarget;
			buildConfigurationList = B388BF071DED0149009B2BF1 /* Build configuration list for PBXNativeTarget "fieldtrip1UITests" */;
			buildPhases = (
				B388BEF41DED0149009B2BF1 /* Sources */,
				B388BEF51DED0149009B2BF1 /* Frameworks */,
				B388BEF61DED0149009B2BF1 /* Resources */,
			);
			buildRules = (
			);
			dependencies = (
				B388BEFA1DED0149009B2BF1 /* PBXTargetDependency */,
			);
			name = fieldtrip1UITests;
			productName = fieldtrip1UITests;
			productReference = B388BEF81DED0149009B2BF1 /* fieldtrip1UITests.xctest */;
			productType = "com.apple.product-type.bundle.ui-testing";
		};
/* End PBXNativeTarget section */

/* Begin PBXProject section */
		B388BECE1DED0149009B2BF1 /* Project object */ = {
			isa = PBXProject;
			attributes = {
				LastSwiftUpdateCheck = 0800;
				LastUpgradeCheck = 0800;
				ORGANIZATIONNAME = "Rebecca Krieger";
				TargetAttributes = {
					B388BED51DED0149009B2BF1 = {
						CreatedOnToolsVersion = 8.0;
						ProvisioningStyle = Automatic;
					};
					B388BEEC1DED0149009B2BF1 = {
						CreatedOnToolsVersion = 8.0;
						ProvisioningStyle = Automatic;
						TestTargetID = B388BED51DED0149009B2BF1;
					};
					B388BEF71DED0149009B2BF1 = {
						CreatedOnToolsVersion = 8.0;
						ProvisioningStyle = Automatic;
						TestTargetID = B388BED51DED0149009B2BF1;
					};
				};
			};
			buildConfigurationList = B388BED11DED0149009B2BF1 /* Build configuration list for PBXProject "fieldtrip1" */;
			compatibilityVersion = "Xcode 3.2";
			developmentRegion = English;
			hasScannedForEncodings = 0;
			knownRegions = (
				en,
				Base,
			);
			mainGroup = B388BECD1DED0149009B2BF1;
			productRefGroup = B388BED71DED0149009B2BF1 /* Products */;
			projectDirPath = "";
			projectRoot = "";
			targets = (
				B388BED51DED0149009B2BF1 /* fieldtrip1 */,
				B388BEEC1DED0149009B2BF1 /* fieldtrip1Tests */,
				B388BEF71DED0149009B2BF1 /* fieldtrip1UITests */,
			);
		};
/* End PBXProject section */

/* Begin PBXResourcesBuildPhase section */
		B388BED41DED0149009B2BF1 /* Resources */ = {
			isa = PBXResourcesBuildPhase;
			buildActionMask = 2147483647;
			files = (
				B375E7CA1E04CAC9001D354B /* Student8.jpeg in Resources */,
				B388BEE71DED0149009B2BF1 /* LaunchScreen.storyboard in Resources */,
				B375E7C71E04CAC9001D354B /* Student5.jpeg in Resources */,
				B375E7C31E04CAC9001D354B /* Student1.jpg in Resources */,
				B375E7CB1E04CAC9001D354B /* Student9.jpeg in Resources */,
				B388BEE41DED0149009B2BF1 /* Assets.xcassets in Resources */,
				B375E7C21E04CAC9001D354B /* Student0.jpg in Resources */,
				B375E7C61E04CAC9001D354B /* Student4.jpeg in Resources */,
				B388BEDF1DED0149009B2BF1 /* Main.storyboard in Resources */,
				B375E7A51E03F2DC001D354B /* letsgo.png in Resources */,
				B375E7C81E04CAC9001D354B /* Student6.jpeg in Resources */,
				B375E7C51E04CAC9001D354B /* Student3.jpg in Resources */,
				B375E7AD1E04BD52001D354B /* loading.png in Resources */,
				B375E7D11E04CC20001D354B /* locate.png in Resources */,
				B375E7CD1E04CAC9001D354B /* Student11.jpeg in Resources */,
				B375E7AF1E04BF30001D354B /* ManualCheckin.png in Resources */,
				B375E7C41E04CAC9001D354B /* Student2.jpg in Resources */,
				B375E7C91E04CAC9001D354B /* Student7.jpeg in Resources */,
				B375E7CC1E04CAC9001D354B /* Student10.jpeg in Resources */,
				B375E7A31E03F1AE001D354B /* Save.png in Resources */,
			);
			runOnlyForDeploymentPostprocessing = 0;
		};
		B388BEEB1DED0149009B2BF1 /* Resources */ = {
			isa = PBXResourcesBuildPhase;
			buildActionMask = 2147483647;
			files = (
			);
			runOnlyForDeploymentPostprocessing = 0;
		};
		B388BEF61DED0149009B2BF1 /* Resources */ = {
			isa = PBXResourcesBuildPhase;
			buildActionMask = 2147483647;
			files = (
			);
			runOnlyForDeploymentPostprocessing = 0;
		};
/* End PBXResourcesBuildPhase section */

/* Begin PBXSourcesBuildPhase section */
		B388BED21DED0149009B2BF1 /* Sources */ = {
			isa = PBXSourcesBuildPhase;
			buildActionMask = 2147483647;
			files = (
				B3AA55AF1E0781AA007BDB63 /* showdown.swift in Sources */,
				B3AA55B11E07837B007BDB63 /* CheckInViewController.swift in Sources */,
				B375E7D71E04DCCE001D354B /* StudentCell.swift in Sources */,
				B375E7A71E04A1BB001D354B /* Nav2.swift in Sources */,
				B3AA55AD1E0756ED007BDB63 /* CustomCell.swift in Sources */,
				B388BEDC1DED0149009B2BF1 /* ViewController.swift in Sources */,
				B375E7B11E04C8AE001D354B /* TripMakerViewController.swift in Sources */,
				B375E7CF1E04CB0F001D354B /* StudentList.swift in Sources */,
				B375E7B51E04CA3D001D354B /* Student.swift in Sources */,
				B375E7B31E04C9BE001D354B /* StudentProfile.swift in Sources */,
				B375E7A91E04A4BE001D354B /* TripTable.swift in Sources */,
				B375E7A11E03ED3D001D354B /* Login.swift in Sources */,
				B388BEE21DED0149009B2BF1 /* fieldtrip1.xcdatamodeld in Sources */,
				B3AA55AB1E075641007BDB63 /* expandableVC.swift in Sources */,
				B388BEDA1DED0149009B2BF1 /* AppDelegate.swift in Sources */,
				B375E7D51E04D369001D354B /* TripScreen.swift in Sources */,
				B388BF0B1DED0ABD009B2BF1 /* StudentLayouts.swift in Sources */,
				B375E7D31E04CE18001D354B /* tripCell.swift in Sources */,
				B375E7AB1E04B993001D354B /* TripClass.swift in Sources */,
			);
			runOnlyForDeploymentPostprocessing = 0;
		};
		B388BEE91DED0149009B2BF1 /* Sources */ = {
			isa = PBXSourcesBuildPhase;
			buildActionMask = 2147483647;
			files = (
				B388BEF21DED0149009B2BF1 /* fieldtrip1Tests.swift in Sources */,
			);
			runOnlyForDeploymentPostprocessing = 0;
		};
		B388BEF41DED0149009B2BF1 /* Sources */ = {
			isa = PBXSourcesBuildPhase;
			buildActionMask = 2147483647;
			files = (
				B388BEFD1DED0149009B2BF1 /* fieldtrip1UITests.swift in Sources */,
			);
			runOnlyForDeploymentPostprocessing = 0;
		};
/* End PBXSourcesBuildPhase section */

/* Begin PBXTargetDependency section */
		B388BEEF1DED0149009B2BF1 /* PBXTargetDependency */ = {
			isa = PBXTargetDependency;
			target = B388BED51DED0149009B2BF1 /* fieldtrip1 */;
			targetProxy = B388BEEE1DED0149009B2BF1 /* PBXContainerItemProxy */;
		};
		B388BEFA1DED0149009B2BF1 /* PBXTargetDependency */ = {
			isa = PBXTargetDependency;
			target = B388BED51DED0149009B2BF1 /* fieldtrip1 */;
			targetProxy = B388BEF91DED0149009B2BF1 /* PBXContainerItemProxy */;
		};
/* End PBXTargetDependency section */

/* Begin PBXVariantGroup section */
		B388BEDD1DED0149009B2BF1 /* Main.storyboard */ = {
			isa = PBXVariantGroup;
			children = (
				B388BEDE1DED0149009B2BF1 /* Base */,
			);
			name = Main.storyboard;
			sourceTree = "<group>";
		};
		B388BEE51DED0149009B2BF1 /* LaunchScreen.storyboard */ = {
			isa = PBXVariantGroup;
			children = (
				B388BEE61DED0149009B2BF1 /* Base */,
			);
			name = LaunchScreen.storyboard;
			sourceTree = "<group>";
		};
/* End PBXVariantGroup section */

/* Begin XCBuildConfiguration section */
		B388BEFF1DED0149009B2BF1 /* Debug */ = {
			isa = XCBuildConfiguration;
			buildSettings = {
				ALWAYS_SEARCH_USER_PATHS = NO;
				CLANG_ANALYZER_NONNULL = YES;
				CLANG_CXX_LANGUAGE_STANDARD = "gnu++0x";
				CLANG_CXX_LIBRARY = "libc++";
				CLANG_ENABLE_MODULES = YES;
				CLANG_ENABLE_OBJC_ARC = YES;
				CLANG_WARN_BOOL_CONVERSION = YES;
				CLANG_WARN_CONSTANT_CONVERSION = YES;
				CLANG_WARN_DIRECT_OBJC_ISA_USAGE = YES_ERROR;
				CLANG_WARN_DOCUMENTATION_COMMENTS = YES;
				CLANG_WARN_EMPTY_BODY = YES;
				CLANG_WARN_ENUM_CONVERSION = YES;
				CLANG_WARN_INFINITE_RECURSION = YES;
				CLANG_WARN_INT_CONVERSION = YES;
				CLANG_WARN_OBJC_ROOT_CLASS = YES_ERROR;
				CLANG_WARN_SUSPICIOUS_MOVES = YES;
				CLANG_WARN_UNREACHABLE_CODE = YES;
				CLANG_WARN__DUPLICATE_METHOD_MATCH = YES;
				"CODE_SIGN_IDENTITY[sdk=iphoneos*]" = "iPhone Developer";
				COPY_PHASE_STRIP = NO;
				DEBUG_INFORMATION_FORMAT = dwarf;
				ENABLE_STRICT_OBJC_MSGSEND = YES;
				ENABLE_TESTABILITY = YES;
				GCC_C_LANGUAGE_STANDARD = gnu99;
				GCC_DYNAMIC_NO_PIC = NO;
				GCC_NO_COMMON_BLOCKS = YES;
				GCC_OPTIMIZATION_LEVEL = 0;
				GCC_PREPROCESSOR_DEFINITIONS = (
					"DEBUG=1",
					"$(inherited)",
				);
				GCC_WARN_64_TO_32_BIT_CONVERSION = YES;
				GCC_WARN_ABOUT_RETURN_TYPE = YES_ERROR;
				GCC_WARN_UNDECLARED_SELECTOR = YES;
				GCC_WARN_UNINITIALIZED_AUTOS = YES_AGGRESSIVE;
				GCC_WARN_UNUSED_FUNCTION = YES;
				GCC_WARN_UNUSED_VARIABLE = YES;
				IPHONEOS_DEPLOYMENT_TARGET = 10.0;
				MTL_ENABLE_DEBUG_INFO = YES;
				ONLY_ACTIVE_ARCH = YES;
				SDKROOT = iphoneos;
				SWIFT_ACTIVE_COMPILATION_CONDITIONS = DEBUG;
				SWIFT_OPTIMIZATION_LEVEL = "-Onone";
				TARGETED_DEVICE_FAMILY = "1,2";
			};
			name = Debug;
		};
		B388BF001DED0149009B2BF1 /* Release */ = {
			isa = XCBuildConfiguration;
			buildSettings = {
				ALWAYS_SEARCH_USER_PATHS = NO;
				CLANG_ANALYZER_NONNULL = YES;
				CLANG_CXX_LANGUAGE_STANDARD = "gnu++0x";
				CLANG_CXX_LIBRARY = "libc++";
				CLANG_ENABLE_MODULES = YES;
				CLANG_ENABLE_OBJC_ARC = YES;
				CLANG_WARN_BOOL_CONVERSION = YES;
				CLANG_WARN_CONSTANT_CONVERSION = YES;
				CLANG_WARN_DIRECT_OBJC_ISA_USAGE = YES_ERROR;
				CLANG_WARN_DOCUMENTATION_COMMENTS = YES;
				CLANG_WARN_EMPTY_BODY = YES;
				CLANG_WARN_ENUM_CONVERSION = YES;
				CLANG_WARN_INFINITE_RECURSION = YES;
				CLANG_WARN_INT_CONVERSION = YES;
				CLANG_WARN_OBJC_ROOT_CLASS = YES_ERROR;
				CLANG_WARN_SUSPICIOUS_MOVES = YES;
				CLANG_WARN_UNREACHABLE_CODE = YES;
				CLANG_WARN__DUPLICATE_METHOD_MATCH = YES;
				"CODE_SIGN_IDENTITY[sdk=iphoneos*]" = "iPhone Developer";
				COPY_PHASE_STRIP = NO;
				DEBUG_INFORMATION_FORMAT = "dwarf-with-dsym";
				ENABLE_NS_ASSERTIONS = NO;
				ENABLE_STRICT_OBJC_MSGSEND = YES;
				GCC_C_LANGUAGE_STANDARD = gnu99;
				GCC_NO_COMMON_BLOCKS = YES;
				GCC_WARN_64_TO_32_BIT_CONVERSION = YES;
				GCC_WARN_ABOUT_RETURN_TYPE = YES_ERROR;
				GCC_WARN_UNDECLARED_SELECTOR = YES;
				GCC_WARN_UNINITIALIZED_AUTOS = YES_AGGRESSIVE;
				GCC_WARN_UNUSED_FUNCTION = YES;
				GCC_WARN_UNUSED_VARIABLE = YES;
				IPHONEOS_DEPLOYMENT_TARGET = 10.0;
				MTL_ENABLE_DEBUG_INFO = NO;
				SDKROOT = iphoneos;
				SWIFT_OPTIMIZATION_LEVEL = "-Owholemodule";
				TARGETED_DEVICE_FAMILY = "1,2";
				VALIDATE_PRODUCT = YES;
			};
			name = Release;
		};
		B388BF021DED0149009B2BF1 /* Debug */ = {
			isa = XCBuildConfiguration;
			buildSettings = {
				ASSETCATALOG_COMPILER_APPICON_NAME = AppIcon;
				INFOPLIST_FILE = fieldtrip1/Info.plist;
				LD_RUNPATH_SEARCH_PATHS = "$(inherited) @executable_path/Frameworks";
				PRODUCT_BUNDLE_IDENTIFIER = rebeccakrieger.fieldtrip1;
				PRODUCT_NAME = "$(TARGET_NAME)";
				SWIFT_VERSION = 3.0;
			};
			name = Debug;
		};
		B388BF031DED0149009B2BF1 /* Release */ = {
			isa = XCBuildConfiguration;
			buildSettings = {
				ASSETCATALOG_COMPILER_APPICON_NAME = AppIcon;
				INFOPLIST_FILE = fieldtrip1/Info.plist;
				LD_RUNPATH_SEARCH_PATHS = "$(inherited) @executable_path/Frameworks";
				PRODUCT_BUNDLE_IDENTIFIER = rebeccakrieger.fieldtrip1;
				PRODUCT_NAME = "$(TARGET_NAME)";
				SWIFT_VERSION = 3.0;
			};
			name = Release;
		};
		B388BF051DED0149009B2BF1 /* Debug */ = {
			isa = XCBuildConfiguration;
			buildSettings = {
				ALWAYS_EMBED_SWIFT_STANDARD_LIBRARIES = YES;
				BUNDLE_LOADER = "$(TEST_HOST)";
				INFOPLIST_FILE = fieldtrip1Tests/Info.plist;
				LD_RUNPATH_SEARCH_PATHS = "$(inherited) @executable_path/Frameworks @loader_path/Frameworks";
				PRODUCT_BUNDLE_IDENTIFIER = rebeccakrieger.fieldtrip1Tests;
				PRODUCT_NAME = "$(TARGET_NAME)";
				SWIFT_VERSION = 3.0;
				TEST_HOST = "$(BUILT_PRODUCTS_DIR)/fieldtrip1.app/fieldtrip1";
			};
			name = Debug;
		};
		B388BF061DED0149009B2BF1 /* Release */ = {
			isa = XCBuildConfiguration;
			buildSettings = {
				ALWAYS_EMBED_SWIFT_STANDARD_LIBRARIES = YES;
				BUNDLE_LOADER = "$(TEST_HOST)";
				INFOPLIST_FILE = fieldtrip1Tests/Info.plist;
				LD_RUNPATH_SEARCH_PATHS = "$(inherited) @executable_path/Frameworks @loader_path/Frameworks";
				PRODUCT_BUNDLE_IDENTIFIER = rebeccakrieger.fieldtrip1Tests;
				PRODUCT_NAME = "$(TARGET_NAME)";
				SWIFT_VERSION = 3.0;
				TEST_HOST = "$(BUILT_PRODUCTS_DIR)/fieldtrip1.app/fieldtrip1";
			};
			name = Release;
		};
		B388BF081DED0149009B2BF1 /* Debug */ = {
			isa = XCBuildConfiguration;
			buildSettings = {
				ALWAYS_EMBED_SWIFT_STANDARD_LIBRARIES = YES;
				INFOPLIST_FILE = fieldtrip1UITests/Info.plist;
				LD_RUNPATH_SEARCH_PATHS = "$(inherited) @executable_path/Frameworks @loader_path/Frameworks";
				PRODUCT_BUNDLE_IDENTIFIER = rebeccakrieger.fieldtrip1UITests;
				PRODUCT_NAME = "$(TARGET_NAME)";
				SWIFT_VERSION = 3.0;
				TEST_TARGET_NAME = fieldtrip1;
			};
			name = Debug;
		};
		B388BF091DED0149009B2BF1 /* Release */ = {
			isa = XCBuildConfiguration;
			buildSettings = {
				ALWAYS_EMBED_SWIFT_STANDARD_LIBRARIES = YES;
				INFOPLIST_FILE = fieldtrip1UITests/Info.plist;
				LD_RUNPATH_SEARCH_PATHS = "$(inherited) @executable_path/Frameworks @loader_path/Frameworks";
				PRODUCT_BUNDLE_IDENTIFIER = rebeccakrieger.fieldtrip1UITests;
				PRODUCT_NAME = "$(TARGET_NAME)";
				SWIFT_VERSION = 3.0;
				TEST_TARGET_NAME = fieldtrip1;
			};
			name = Release;
		};
/* End XCBuildConfiguration section */

/* Begin XCConfigurationList section */
		B388BED11DED0149009B2BF1 /* Build configuration list for PBXProject "fieldtrip1" */ = {
			isa = XCConfigurationList;
			buildConfigurations = (
				B388BEFF1DED0149009B2BF1 /* Debug */,
				B388BF001DED0149009B2BF1 /* Release */,
			);
			defaultConfigurationIsVisible = 0;
			defaultConfigurationName = Release;
		};
		B388BF011DED0149009B2BF1 /* Build configuration list for PBXNativeTarget "fieldtrip1" */ = {
			isa = XCConfigurationList;
			buildConfigurations = (
				B388BF021DED0149009B2BF1 /* Debug */,
				B388BF031DED0149009B2BF1 /* Release */,
			);
			defaultConfigurationIsVisible = 0;
			defaultConfigurationName = Release;
		};
		B388BF041DED0149009B2BF1 /* Build configuration list for PBXNativeTarget "fieldtrip1Tests" */ = {
			isa = XCConfigurationList;
			buildConfigurations = (
				B388BF051DED0149009B2BF1 /* Debug */,
				B388BF061DED0149009B2BF1 /* Release */,
			);
			defaultConfigurationIsVisible = 0;
			defaultConfigurationName = Release;
		};
		B388BF071DED0149009B2BF1 /* Build configuration list for PBXNativeTarget "fieldtrip1UITests" */ = {
			isa = XCConfigurationList;
			buildConfigurations = (
				B388BF081DED0149009B2BF1 /* Debug */,
				B388BF091DED0149009B2BF1 /* Release */,
			);
			defaultConfigurationIsVisible = 0;
			defaultConfigurationName = Release;
		};
/* End XCConfigurationList section */

/* Begin XCVersionGroup section */
		B388BEE01DED0149009B2BF1 /* fieldtrip1.xcdatamodeld */ = {
			isa = XCVersionGroup;
			children = (
				B388BEE11DED0149009B2BF1 /* fieldtrip1.xcdatamodel */,
			);
			currentVersion = B388BEE11DED0149009B2BF1 /* fieldtrip1.xcdatamodel */;
			path = fieldtrip1.xcdatamodeld;
			sourceTree = "<group>";
			versionGroupType = wrapper.xcdatamodel;
		};
/* End XCVersionGroup section */
	};
	rootObject = B388BECE1DED0149009B2BF1 /* Project object */;
}
